
Microsoft Visual Studio Solution File, Format Version 12.00
# Visual Studio Version 16
VisualStudioVersion = 16.0.30204.135
MinimumVisualStudioVersion = 10.0.40219.1
Project("{9A19103F-16F7-4668-BE54-9A1E7A4F7556}") = "FaceBook", "FaceBook.csproj", "{C30FAC70-AEE0-4EA7-A0BC-66C05C5D6634}"
EndProject
Project("{2150E333-8FDC-42A3-9474-1A3956D46DE8}") = "Solution Items", "Solution Items", "{811F219C-3262-4E04-BFC4-D6AC9DE71DBF}"
	ProjectSection(SolutionItems) = preProject
		.editorconfig = .editorconfig
	EndProjectSection
EndProject
Global
	GlobalSection(SolutionConfigurationPlatforms) = preSolution
		Debug|Any CPU = Debug|Any CPU
		Release|Any CPU = Release|Any CPU
	EndGlobalSection
	GlobalSection(ProjectConfigurationPlatforms) = postSolution
		{C30FAC70-AEE0-4EA7-A0BC-66C05C5D6634}.Debug|Any CPU.ActiveCfg = Debug|Any CPU
		{C30FAC70-AEE0-4EA7-A0BC-66C05C5D6634}.Debug|Any CPU.Build.0 = Debug|Any CPU
		{C30FAC70-AEE0-4EA7-A0BC-66C05C5D6634}.Release|Any CPU.ActiveCfg = Release|Any CPU
		{C30FAC70-AEE0-4EA7-A0BC-66C05C5D6634}.Release|Any CPU.Build.0 = Release|Any CPU
	EndGlobalSection
	GlobalSection(SolutionProperties) = preSolution
		HideSolutionNode = FALSE
	EndGlobalSection
	GlobalSection(ExtensibilityGlobals) = postSolution
		SolutionGuid = {EA3F5EC6-1FD4-4BA7-A758-95DAB749014A}
	EndGlobalSection
EndGlobal
